{
  "version": 4,
  "terraform_version": "1.0.11",
  "serial": 4,
  "lineage": "7d43da06-9d56-b380-620f-590bd43aaf8c",
  "outputs": {},
  "resources": [
    {
      "mode": "managed",
      "type": "azurerm_resource_group",
      "name": "Phoenix",
      "provider": "provider[\"registry.terraform.io/hashicorp/azurerm\"]",
      "instances": [
        {
          "schema_version": 0,
          "attributes": {
            "id": "/subscriptions/a8827913-8a07-4a54-b714-533fa1d335fb/resourceGroups/phoenix-resources",
            "location": "eastus",
            "name": "phoenix-resources",
            "tags": null,
            "timeouts": null
          },
          "sensitive_attributes": [],
          "private": "eyJlMmJmYjczMC1lY2FhLTExZTYtOGY4OC0zNDM2M2JjN2M0YzAiOnsiY3JlYXRlIjo1NDAwMDAwMDAwMDAwLCJkZWxldGUiOjU0MDAwMDAwMDAwMDAsInJlYWQiOjMwMDAwMDAwMDAwMCwidXBkYXRlIjo1NDAwMDAwMDAwMDAwfX0="
        }
      ]
    },
    {
      "module": "module.web_app_container",
      "mode": "data",
      "type": "azurerm_client_config",
      "name": "main",
      "provider": "provider[\"registry.terraform.io/hashicorp/azurerm\"]",
      "instances": [
        {
          "schema_version": 0,
          "attributes": {
            "client_id": "04b07795-8ddb-461a-bbee-02f9e1bf7b46",
            "id": "2021-12-08 01:37:04.781740807 +0000 UTC",
            "object_id": "d0bcaf15-9042-4141-9cd9-9da657a17450",
            "subscription_id": "a8827913-8a07-4a54-b714-533fa1d335fb",
            "tenant_id": "908c9aa1-6175-4f5e-ba32-2c04f1062af0",
            "timeouts": null
          },
          "sensitive_attributes": []
        }
      ]
    },
    {
      "module": "module.web_app_container",
      "mode": "data",
      "type": "azurerm_resource_group",
      "name": "main",
      "provider": "provider[\"registry.terraform.io/hashicorp/azurerm\"]",
      "instances": [
        {
          "schema_version": 0,
          "attributes": {
            "id": "/subscriptions/a8827913-8a07-4a54-b714-533fa1d335fb/resourceGroups/Phoenix",
            "location": "eastus",
            "name": "Phoenix",
            "tags": {},
            "timeouts": null
          },
          "sensitive_attributes": []
        }
      ]
    },
    {
      "module": "module.web_app_container",
      "mode": "managed",
      "type": "azurerm_app_service",
      "name": "main",
      "provider": "provider[\"registry.terraform.io/hashicorp/azurerm\"]",
      "instances": [
        {
          "schema_version": 0,
          "attributes": {
            "app_service_plan_id": "/subscriptions/a8827913-8a07-4a54-b714-533fa1d335fb/resourceGroups/Phoenix/providers/Microsoft.Web/serverfarms/Confiz-plan",
            "app_settings": {
              "DOCKER_REGISTRY_SERVER_URL": "https://index.docker.io",
              "WEBSITES_CONTAINER_START_TIME_LIMIT": "230",
              "WEBSITES_ENABLE_APP_SERVICE_STORAGE": "false"
            },
            "auth_settings": [
              {
                "active_directory": [],
                "additional_login_params": {},
                "allowed_external_redirect_urls": [],
                "default_provider": "",
                "enabled": false,
                "facebook": [],
                "google": [],
                "issuer": "",
                "microsoft": [],
                "runtime_version": "",
                "token_refresh_extension_hours": 0,
                "token_store_enabled": false,
                "twitter": [],
                "unauthenticated_client_action": ""
              }
            ],
            "backup": [],
            "client_affinity_enabled": false,
            "client_cert_enabled": false,
            "client_cert_mode": "Required",
            "connection_string": [],
            "custom_domain_verification_id": "3573FB68545B52F7A9EBAC6C413752EC36BC15F0E35FCD9D0181CA547FE23161",
            "default_site_hostname": "confiz.azurewebsites.net",
            "enabled": true,
            "https_only": true,
            "id": "/subscriptions/a8827913-8a07-4a54-b714-533fa1d335fb/resourceGroups/Phoenix/providers/Microsoft.Web/sites/Confiz",
            "identity": [
              {
                "identity_ids": null,
                "principal_id": "bb8df797-a87f-4834-90d5-fbaa36f8ceae",
                "tenant_id": "908c9aa1-6175-4f5e-ba32-2c04f1062af0",
                "type": "SystemAssigned"
              }
            ],
            "key_vault_reference_identity_id": "SystemAssigned",
            "location": "eastus",
            "logs": [
              {
                "application_logs": [
                  {
                    "azure_blob_storage": [],
                    "file_system_level": "Off"
                  }
                ],
                "detailed_error_messages_enabled": false,
                "failed_request_tracing_enabled": false,
                "http_logs": [
                  {
                    "azure_blob_storage": [],
                    "file_system": []
                  }
                ]
              }
            ],
            "name": "Confiz",
            "outbound_ip_address_list": [
              "40.88.225.216",
              "40.88.225.226",
              "40.88.225.243",
              "40.88.225.245",
              "40.88.226.10",
              "40.88.226.67",
              "20.49.104.37"
            ],
            "outbound_ip_addresses": "40.88.225.216,40.88.225.226,40.88.225.243,40.88.225.245,40.88.226.10,40.88.226.67,20.49.104.37",
            "possible_outbound_ip_address_list": [
              "40.88.225.216",
              "40.88.225.226",
              "40.88.225.243",
              "40.88.225.245",
              "40.88.226.10",
              "40.88.226.67",
              "40.88.226.82",
              "40.88.226.99",
              "40.88.226.132",
              "40.88.226.159",
              "40.88.226.171",
              "40.88.227.39",
              "40.88.227.123",
              "40.88.228.125",
              "40.88.229.62",
              "40.88.229.108",
              "40.88.229.181",
              "40.88.229.194",
              "20.62.243.159",
              "20.62.244.109",
              "20.62.244.175",
              "20.62.243.168",
              "20.62.245.75",
              "20.62.245.236",
              "20.49.104.37"
            ],
            "possible_outbound_ip_addresses": "40.88.225.216,40.88.225.226,40.88.225.243,40.88.225.245,40.88.226.10,40.88.226.67,40.88.226.82,40.88.226.99,40.88.226.132,40.88.226.159,40.88.226.171,40.88.227.39,40.88.227.123,40.88.228.125,40.88.229.62,40.88.229.108,40.88.229.181,40.88.229.194,20.62.243.159,20.62.244.109,20.62.244.175,20.62.243.168,20.62.245.75,20.62.245.236,20.49.104.37",
            "resource_group_name": "Phoenix",
            "site_config": [
              {
                "acr_use_managed_identity_credentials": false,
                "acr_user_managed_identity_client_id": "",
                "always_on": false,
                "app_command_line": "",
                "auto_swap_slot_name": "",
                "cors": [
                  {
                    "allowed_origins": [],
                    "support_credentials": false
                  }
                ],
                "default_documents": null,
                "dotnet_framework_version": "v4.0",
                "ftps_state": "Disabled",
                "health_check_path": "",
                "http2_enabled": false,
                "ip_restriction": [],
                "java_container": "",
                "java_container_version": "",
                "java_version": "",
                "linux_fx_version": "COMPOSE|dmVyc2lvbjogIjMiCgpzZXJ2aWNlczoKICBuZ2lueDoKICAgIHBvcnRzOgogICAgICAtIDQ0Mzo0NDMKICAgICAgLSA4MDo4MAogICAgY29udGFpbmVyX25hbWU6IHNvbmFyLW5naW54CiAgICBpbWFnZTogbmdpbng6bGF0ZXN0CiAgICByZXN0YXJ0OiB1bmxlc3Mtc3RvcHBlZAogICAgI3Jlc3RhcnQ6IGFsd2F5cwogICAgZGVwZW5kc19vbjoKICAgICAgLSBzb25hcnF1YmUKICAgIHZvbHVtZXM6CiAgICAgIC0gLi9uZ2lueC9uZ2lueC5jb25mOi9ldGMvbmdpbngvbmdpbnguY29uZgogICAgICAtIC4vY2VydHMvc29uYXI6L2V0Yy9wa2kvdGxzL3NvbmFyCiAgICBuZXR3b3JrczoKICAgICAgLSBzb25hci1uZXR3b3JrCiAgc29uYXJxdWJlOgogICAgaW1hZ2U6IHNvbmFyOmxhdGVzdAogICAgY29udGFpbmVyX25hbWU6IHNvbmFycXViZQogICAgYnVpbGQ6CiAgICAgIGNvbnRleHQ6IC4KICAgICAgZG9ja2VyZmlsZTogc29uYXIuZG9ja2VyZmlsZQogICAgZGVwZW5kc19vbjoKICAgICAgLSBkYgogICAgZW52X2ZpbGU6IC4vZW52L3NvbmFyLmVudgogICAgcmVzdGFydDogdW5sZXNzLXN0b3BwZWQKICAgIGVudmlyb25tZW50OgogICAgICBTT05BUl9KREJDX1VSTDogamRiYzpwb3N0Z3Jlc3FsOi8vZGI6NTQzMi9zb25hcgogICAgdm9sdW1lczoKICAgICAgLSBzb25hcnF1YmVfZGF0YTovb3B0L3NvbmFycXViZS9kYXRhCiAgICAgIC0gc29uYXJxdWJlX2V4dGVuc2lvbnM6L29wdC9zb25hcnF1YmUvZXh0ZW5zaW9ucwogICAgICAtIHNvbmFycXViZV9sb2dzOi9vcHQvc29uYXJxdWJlL2xvZ3MKICAgIGV4cG9zZToKICAgICAgLSAiOTAwMCIKICAgIG5ldHdvcmtzOgogICAgICAtIHNvbmFyLW5ldHdvcmsKICBkYjoKICAgIGltYWdlOiBwb3N0Z3JlczoxMgogICAgY29udGFpbmVyX25hbWU6IHNvbmFyLWRiCiAgICByZXN0YXJ0OiB1bmxlc3Mtc3RvcHBlZAogICAgZW52X2ZpbGU6IC4vZW52L2RiLmVudgogICAgdm9sdW1lczoKICAgICAgLSBwb3N0Z3Jlc3FsOi92YXIvbGliL3Bvc3RncmVzcWwKICAgICAgLSBwb3N0Z3Jlc3FsX2RhdGE6L3Zhci9saWIvcG9zdGdyZXNxbC9kYXRhCiAgICBuZXR3b3JrczoKICAgICAgLSBzb25hci1uZXR3b3JrCgpuZXR3b3JrczoKICBzb25hci1uZXR3b3JrOgogICAgZHJpdmVyOiBicmlkZ2UKdm9sdW1lczoKICBzb25hcnF1YmVfZGF0YToKICBzb25hcnF1YmVfZXh0ZW5zaW9uczoKICBzb25hcnF1YmVfbG9nczoKICBwb3N0Z3Jlc3FsOgogIHBvc3RncmVzcWxfZGF0YToKICBzb25hcl9lc19kYXRhOgo=",
                "local_mysql_enabled": false,
                "managed_pipeline_mode": "Integrated",
                "min_tls_version": "1.2",
                "number_of_workers": 1,
                "php_version": "",
                "python_version": "",
                "remote_debugging_enabled": false,
                "remote_debugging_version": "VS2019",
                "scm_ip_restriction": [],
                "scm_type": "None",
                "scm_use_main_ip_restriction": false,
                "use_32_bit_worker_process": true,
                "vnet_route_all_enabled": false,
                "websockets_enabled": false,
                "windows_fx_version": ""
              }
            ],
            "site_credential": [
              {
                "password": "NrhK0oskfMFqKvw0FaW5YduhGMwh9qgT4k2LWkrzcCzB3dDy6brYSw5tGitY",
                "username": "$Confiz"
              }
            ],
            "source_control": [
              {
                "branch": "master",
                "manual_integration": false,
                "repo_url": "",
                "rollback_enabled": false,
                "use_mercurial": false
              }
            ],
            "storage_account": [],
            "tags": null,
            "timeouts": null
          },
          "sensitive_attributes": [],
          "private": "eyJlMmJmYjczMC1lY2FhLTExZTYtOGY4OC0zNDM2M2JjN2M0YzAiOnsiY3JlYXRlIjoxODAwMDAwMDAwMDAwLCJkZWxldGUiOjE4MDAwMDAwMDAwMDAsInJlYWQiOjMwMDAwMDAwMDAwMCwidXBkYXRlIjoxODAwMDAwMDAwMDAwfX0=",
          "dependencies": [
            "module.web_app_container.azurerm_app_service_plan.main",
            "module.web_app_container.azurerm_key_vault_secret.main",
            "module.web_app_container.data.azurerm_client_config.main",
            "module.web_app_container.data.azurerm_resource_group.main"
          ]
        }
      ]
    },
    {
      "module": "module.web_app_container",
      "mode": "managed",
      "type": "azurerm_app_service_plan",
      "name": "main",
      "provider": "provider[\"registry.terraform.io/hashicorp/azurerm\"]",
      "instances": [
        {
          "index_key": 0,
          "schema_version": 0,
          "attributes": {
            "app_service_environment_id": "",
            "id": "/subscriptions/a8827913-8a07-4a54-b714-533fa1d335fb/resourceGroups/Phoenix/providers/Microsoft.Web/serverfarms/Confiz-plan",
            "is_xenon": false,
            "kind": "linux",
            "location": "eastus",
            "maximum_elastic_worker_count": 1,
            "maximum_number_of_workers": 1,
            "name": "Confiz-plan",
            "per_site_scaling": false,
            "reserved": true,
            "resource_group_name": "Phoenix",
            "sku": [
              {
                "capacity": 1,
                "size": "F1",
                "tier": "Free"
              }
            ],
            "tags": null,
            "timeouts": null,
            "zone_redundant": false
          },
          "sensitive_attributes": [],
          "private": "eyJlMmJmYjczMC1lY2FhLTExZTYtOGY4OC0zNDM2M2JjN2M0YzAiOnsiY3JlYXRlIjozNjAwMDAwMDAwMDAwLCJkZWxldGUiOjM2MDAwMDAwMDAwMDAsInJlYWQiOjMwMDAwMDAwMDAwMCwidXBkYXRlIjozNjAwMDAwMDAwMDAwfX0=",
          "dependencies": [
            "module.web_app_container.data.azurerm_resource_group.main"
          ]
        }
      ]
    }
  ]
}
